
Microsoft Visual Studio Solution File, Format Version 12.00
# Visual Studio Version 17
VisualStudioVersion = 17.14.36511.14
MinimumVisualStudioVersion = 10.0.40219.1
Project("{FAE04EC0-301F-11D3-BF4B-00C04F79EFBC}") = "AWSTraining.WebAPI", "src\AWSTraining.WebAPI\AWSTraining.WebAPI.csproj", "{0FD21810-7DB9-44EC-A3AC-8984D49E8B12}"
EndProject
Project("{2150E333-8FDC-42A3-9474-1A3956D46DE8}") = "src", "src", "{02EA681E-C7D8-13C7-8484-4AC65E1B71E8}"
EndProject
Global
	GlobalSection(SolutionConfigurationPlatforms) = preSolution
		Debug|Any CPU = Debug|Any CPU
		Release|Any CPU = Release|Any CPU
	EndGlobalSection
	GlobalSection(ProjectConfigurationPlatforms) = postSolution
		{0FD21810-7DB9-44EC-A3AC-8984D49E8B12}.Debug|Any CPU.ActiveCfg = Debug|Any CPU
		{0FD21810-7DB9-44EC-A3AC-8984D49E8B12}.Debug|Any CPU.Build.0 = Debug|Any CPU
		{0FD21810-7DB9-44EC-A3AC-8984D49E8B12}.Release|Any CPU.ActiveCfg = Release|Any CPU
		{0FD21810-7DB9-44EC-A3AC-8984D49E8B12}.Release|Any CPU.Build.0 = Release|Any CPU
	EndGlobalSection
	GlobalSection(SolutionProperties) = preSolution
		HideSolutionNode = FALSE
	EndGlobalSection
	GlobalSection(NestedProjects) = preSolution
		{0FD21810-7DB9-44EC-A3AC-8984D49E8B12} = {02EA681E-C7D8-13C7-8484-4AC65E1B71E8}
	EndGlobalSection
	GlobalSection(ExtensibilityGlobals) = postSolution
		SolutionGuid = {74A9F9A2-75CD-4DDB-AE52-DA072B5A8B7F}
	EndGlobalSection
EndGlobal
